PODS:
  - FLAnimatedImage (1.0.15)
  - MBProgressHUD (1.0.0)
  - SDWebImage (4.4.8):
    - SDWebImage/Core (= 4.4.8)
  - SDWebImage/Core (4.4.8)
  - SDWebImage/GIF (4.4.8):
    - FLAnimatedImage (~> 1.0)
    - SDWebImage/Core

DEPENDENCIES:
  - MBProgressHUD (~> 1.0.0)
  - SDWebImage
  - SDWebImage/GIF

SPEC REPOS:
  trunk:
    - FLAnimatedImage
    - MBProgressHUD
    - SDWebImage

SPEC CHECKSUMS:
  FLAnimatedImage: dd3db277b17e909ec3c7fd41adfce79b321d960e
  MBProgressHUD: 4890f671c94e8a0f3cf959aa731e9de2f036d71a
  SDWebImage: 783af2c3fa36291a250030c4752ee370a9a51d13

PODFILE CHECKSUM: 873c9f9fc7319550435efa6b275f74f1d3a486c9

COCOAPODS: 1.10.0
